// !$*UTF8*$!
{
	archiveVersion = 1;
	classes = {
	};
	objectVersion = 56;
	objects = {

/* Begin PBXBuildFile section */
		70390EE42BE8C48200D4601E /* AppDelegate.swift in Sources */ = {isa = PBXBuildFile; fileRef = 70390EE32BE8C48200D4601E /* AppDelegate.swift */; };
		70390EE62BE8C48200D4601E /* SceneDelegate.swift in Sources */ = {isa = PBXBuildFile; fileRef = 70390EE52BE8C48200D4601E /* SceneDelegate.swift */; };
		70390EE82BE8C48200D4601E /* ViewController.swift in Sources */ = {isa = PBXBuildFile; fileRef = 70390EE72BE8C48200D4601E /* ViewController.swift */; };
		70390EEB2BE8C48200D4601E /* Main.storyboard in Resources */ = {isa = PBXBuildFile; fileRef = 70390EE92BE8C48200D4601E /* Main.storyboard */; };
		70390EED2BE8C48500D4601E /* Assets.xcassets in Resources */ = {isa = PBXBuildFile; fileRef = 70390EEC2BE8C48500D4601E /* Assets.xcassets */; };
		70390EF02BE8C48500D4601E /* LaunchScreen.storyboard in Resources */ = {isa = PBXBuildFile; fileRef = 70390EEE2BE8C48500D4601E /* LaunchScreen.storyboard */; };
		70390EFA2BE8ED5000D4601E /* CoreMLViewController.swift in Sources */ = {isa = PBXBuildFile; fileRef = 70390EF92BE8ED5000D4601E /* CoreMLViewController.swift */; };
		70390F0C2BE922DA00D4601E /* Detection.swift in Sources */ = {isa = PBXBuildFile; fileRef = 70390F0B2BE922DA00D4601E /* Detection.swift */; };
		707D077A2BF48D700044742E /* NonMaxSuppression.swift in Sources */ = {isa = PBXBuildFile; fileRef = 707D07792BF48D700044742E /* NonMaxSuppression.swift */; };
		707D077C2BF495070044742E /* yolov8n_transposed.onnx in Resources */ = {isa = PBXBuildFile; fileRef = 707D077B2BF495070044742E /* yolov8n_transposed.onnx */; };
		707D077E2BF49F810044742E /* UIImage+CVPixelBuffer.swift in Sources */ = {isa = PBXBuildFile; fileRef = 707D077D2BF49F810044742E /* UIImage+CVPixelBuffer.swift */; };
		70CD51312BEA4A66008AC881 /* yolov8n.mlpackage in Sources */ = {isa = PBXBuildFile; fileRef = 70CD51302BEA4A66008AC881 /* yolov8n.mlpackage */; };
		70CD51332BEA50C3008AC881 /* yolov8n.onnx in Resources */ = {isa = PBXBuildFile; fileRef = 70CD51322BEA50C3008AC881 /* yolov8n.onnx */; };
		70CD51352BEA5437008AC881 /* ONNXViewController.swift in Sources */ = {isa = PBXBuildFile; fileRef = 70CD51342BEA5437008AC881 /* ONNXViewController.swift */; };
		70CD51382BEA54D3008AC881 /* CGRect+flippedVertically.swift in Sources */ = {isa = PBXBuildFile; fileRef = 70CD51372BEA54D3008AC881 /* CGRect+flippedVertically.swift */; };
		70CD513C2BEE1896008AC881 /* CoreMLRTMPoseViewController.swift in Sources */ = {isa = PBXBuildFile; fileRef = 70CD513B2BEE1896008AC881 /* CoreMLRTMPoseViewController.swift */; };
		70CD51422BEE7C63008AC881 /* ONNXModelController.swift in Sources */ = {isa = PBXBuildFile; fileRef = 70CD51412BEE7C63008AC881 /* ONNXModelController.swift */; };
		857EA3BB8717C26634A660D9 /* Pods_CoreMLTesting.framework in Frameworks */ = {isa = PBXBuildFile; fileRef = 2F39FE945C9559AEFA1F367F /* Pods_CoreMLTesting.framework */; };
/* End PBXBuildFile section */

/* Begin PBXFileReference section */
		2F39FE945C9559AEFA1F367F /* Pods_CoreMLTesting.framework */ = {isa = PBXFileReference; explicitFileType = wrapper.framework; includeInIndex = 0; path = Pods_CoreMLTesting.framework; sourceTree = BUILT_PRODUCTS_DIR; };
		6599EBBDA9242F68CF701B82 /* Pods-CoreMLTesting.debug.xcconfig */ = {isa = PBXFileReference; includeInIndex = 1; lastKnownFileType = text.xcconfig; name = "Pods-CoreMLTesting.debug.xcconfig"; path = "Target Support Files/Pods-CoreMLTesting/Pods-CoreMLTesting.debug.xcconfig"; sourceTree = "<group>"; };
		70390EE02BE8C48200D4601E /* CoreMLTesting.app */ = {isa = PBXFileReference; explicitFileType = wrapper.application; includeInIndex = 0; path = CoreMLTesting.app; sourceTree = BUILT_PRODUCTS_DIR; };
		70390EE32BE8C48200D4601E /* AppDelegate.swift */ = {isa = PBXFileReference; lastKnownFileType = sourcecode.swift; path = AppDelegate.swift; sourceTree = "<group>"; };
		70390EE52BE8C48200D4601E /* SceneDelegate.swift */ = {isa = PBXFileReference; lastKnownFileType = sourcecode.swift; path = SceneDelegate.swift; sourceTree = "<group>"; };
		70390EE72BE8C48200D4601E /* ViewController.swift */ = {isa = PBXFileReference; lastKnownFileType = sourcecode.swift; path = ViewController.swift; sourceTree = "<group>"; };
		70390EEA2BE8C48200D4601E /* Base */ = {isa = PBXFileReference; lastKnownFileType = file.storyboard; name = Base; path = Base.lproj/Main.storyboard; sourceTree = "<group>"; };
		70390EEC2BE8C48500D4601E /* Assets.xcassets */ = {isa = PBXFileReference; lastKnownFileType = folder.assetcatalog; path = Assets.xcassets; sourceTree = "<group>"; };
		70390EEF2BE8C48500D4601E /* Base */ = {isa = PBXFileReference; lastKnownFileType = file.storyboard; name = Base; path = Base.lproj/LaunchScreen.storyboard; sourceTree = "<group>"; };
		70390EF12BE8C48500D4601E /* Info.plist */ = {isa = PBXFileReference; lastKnownFileType = text.plist.xml; path = Info.plist; sourceTree = "<group>"; };
		70390EF92BE8ED5000D4601E /* CoreMLViewController.swift */ = {isa = PBXFileReference; lastKnownFileType = sourcecode.swift; path = CoreMLViewController.swift; sourceTree = "<group>"; };
		70390F0B2BE922DA00D4601E /* Detection.swift */ = {isa = PBXFileReference; lastKnownFileType = sourcecode.swift; path = Detection.swift; sourceTree = "<group>"; };
		707D07792BF48D700044742E /* NonMaxSuppression.swift */ = {isa = PBXFileReference; lastKnownFileType = sourcecode.swift; path = NonMaxSuppression.swift; sourceTree = "<group>"; };
		707D077B2BF495070044742E /* yolov8n_transposed.onnx */ = {isa = PBXFileReference; lastKnownFileType = file; path = yolov8n_transposed.onnx; sourceTree = SOURCE_ROOT; };
		707D077D2BF49F810044742E /* UIImage+CVPixelBuffer.swift */ = {isa = PBXFileReference; lastKnownFileType = sourcecode.swift; path = "UIImage+CVPixelBuffer.swift"; sourceTree = "<group>"; };
		70CD51302BEA4A66008AC881 /* yolov8n.mlpackage */ = {isa = PBXFileReference; lastKnownFileType = folder.mlpackage; path = yolov8n.mlpackage; sourceTree = SOURCE_ROOT; };
		70CD51322BEA50C3008AC881 /* yolov8n.onnx */ = {isa = PBXFileReference; lastKnownFileType = file; path = yolov8n.onnx; sourceTree = SOURCE_ROOT; };
		70CD51342BEA5437008AC881 /* ONNXViewController.swift */ = {isa = PBXFileReference; lastKnownFileType = sourcecode.swift; path = ONNXViewController.swift; sourceTree = "<group>"; };
		70CD51372BEA54D3008AC881 /* CGRect+flippedVertically.swift */ = {isa = PBXFileReference; lastKnownFileType = sourcecode.swift; path = "CGRect+flippedVertically.swift"; sourceTree = "<group>"; };
		70CD513B2BEE1896008AC881 /* CoreMLRTMPoseViewController.swift */ = {isa = PBXFileReference; lastKnownFileType = sourcecode.swift; path = CoreMLRTMPoseViewController.swift; sourceTree = "<group>"; };
		70CD51412BEE7C63008AC881 /* ONNXModelController.swift */ = {isa = PBXFileReference; lastKnownFileType = sourcecode.swift; path = ONNXModelController.swift; sourceTree = "<group>"; };
		8AB5FF3417A91D02BD83C2E9 /* Pods-CoreMLTesting.release.xcconfig */ = {isa = PBXFileReference; includeInIndex = 1; lastKnownFileType = text.xcconfig; name = "Pods-CoreMLTesting.release.xcconfig"; path = "Target Support Files/Pods-CoreMLTesting/Pods-CoreMLTesting.release.xcconfig"; sourceTree = "<group>"; };
/* End PBXFileReference section */

/* Begin PBXFrameworksBuildPhase section */
		70390EDD2BE8C48200D4601E /* Frameworks */ = {
			isa = PBXFrameworksBuildPhase;
			buildActionMask = 2147483647;
			files = (
				857EA3BB8717C26634A660D9 /* Pods_CoreMLTesting.framework in Frameworks */,
			);
			runOnlyForDeploymentPostprocessing = 0;
		};
/* End PBXFrameworksBuildPhase section */

/* Begin PBXGroup section */
		70390ED72BE8C48200D4601E = {
			isa = PBXGroup;
			children = (
				70390EE22BE8C48200D4601E /* CoreMLTesting */,
				70390EE12BE8C48200D4601E /* Products */,
				AEEF6FBAB23B81CD20431635 /* Pods */,
				9A796A3F63939DBCEE9F744A /* Frameworks */,
			);
			sourceTree = "<group>";
		};
		70390EE12BE8C48200D4601E /* Products */ = {
			isa = PBXGroup;
			children = (
				70390EE02BE8C48200D4601E /* CoreMLTesting.app */,
			);
			name = Products;
			sourceTree = "<group>";
		};
		70390EE22BE8C48200D4601E /* CoreMLTesting */ = {
			isa = PBXGroup;
			children = (
				70CD51362BEA54C4008AC881 /* Extensions */,
				70CD51302BEA4A66008AC881 /* yolov8n.mlpackage */,
				70CD51322BEA50C3008AC881 /* yolov8n.onnx */,
				707D077B2BF495070044742E /* yolov8n_transposed.onnx */,
				70390EE32BE8C48200D4601E /* AppDelegate.swift */,
				70390EE52BE8C48200D4601E /* SceneDelegate.swift */,
				70390EE72BE8C48200D4601E /* ViewController.swift */,
				70390EE92BE8C48200D4601E /* Main.storyboard */,
				70390EEC2BE8C48500D4601E /* Assets.xcassets */,
				70390EEE2BE8C48500D4601E /* LaunchScreen.storyboard */,
				70390EF12BE8C48500D4601E /* Info.plist */,
				70390EF92BE8ED5000D4601E /* CoreMLViewController.swift */,
				70CD513B2BEE1896008AC881 /* CoreMLRTMPoseViewController.swift */,
				70CD51342BEA5437008AC881 /* ONNXViewController.swift */,
				70390F0B2BE922DA00D4601E /* Detection.swift */,
				70CD51412BEE7C63008AC881 /* ONNXModelController.swift */,
				707D07792BF48D700044742E /* NonMaxSuppression.swift */,
			);
			path = CoreMLTesting;
			sourceTree = "<group>";
		};
		70CD51362BEA54C4008AC881 /* Extensions */ = {
			isa = PBXGroup;
			children = (
				70CD51372BEA54D3008AC881 /* CGRect+flippedVertically.swift */,
				707D077D2BF49F810044742E /* UIImage+CVPixelBuffer.swift */,
			);
			path = Extensions;
			sourceTree = "<group>";
		};
		9A796A3F63939DBCEE9F744A /* Frameworks */ = {
			isa = PBXGroup;
			children = (
				2F39FE945C9559AEFA1F367F /* Pods_CoreMLTesting.framework */,
			);
			name = Frameworks;
			sourceTree = "<group>";
		};
		AEEF6FBAB23B81CD20431635 /* Pods */ = {
			isa = PBXGroup;
			children = (
				6599EBBDA9242F68CF701B82 /* Pods-CoreMLTesting.debug.xcconfig */,
				8AB5FF3417A91D02BD83C2E9 /* Pods-CoreMLTesting.release.xcconfig */,
			);
			path = Pods;
			sourceTree = "<group>";
		};
/* End PBXGroup section */

/* Begin PBXNativeTarget section */
		70390EDF2BE8C48200D4601E /* CoreMLTesting */ = {
			isa = PBXNativeTarget;
			buildConfigurationList = 70390EF42BE8C48500D4601E /* Build configuration list for PBXNativeTarget "CoreMLTesting" */;
			buildPhases = (
				30753AC565375D1319DC5936 /* [CP] Check Pods Manifest.lock */,
				70390EDC2BE8C48200D4601E /* Sources */,
				70390EDD2BE8C48200D4601E /* Frameworks */,
				70390EDE2BE8C48200D4601E /* Resources */,
			);
			buildRules = (
			);
			dependencies = (
			);
			name = CoreMLTesting;
			productName = CoreMLTesting;
			productReference = 70390EE02BE8C48200D4601E /* CoreMLTesting.app */;
			productType = "com.apple.product-type.application";
		};
/* End PBXNativeTarget section */

/* Begin PBXProject section */
		70390ED82BE8C48200D4601E /* Project object */ = {
			isa = PBXProject;
			attributes = {
				BuildIndependentTargetsInParallel = 1;
				LastSwiftUpdateCheck = 1510;
				LastUpgradeCheck = 1510;
				TargetAttributes = {
					70390EDF2BE8C48200D4601E = {
						CreatedOnToolsVersion = 15.1;
					};
				};
			};
			buildConfigurationList = 70390EDB2BE8C48200D4601E /* Build configuration list for PBXProject "CoreMLTesting" */;
			compatibilityVersion = "Xcode 14.0";
			developmentRegion = en;
			hasScannedForEncodings = 0;
			knownRegions = (
				en,
				Base,
			);
			mainGroup = 70390ED72BE8C48200D4601E;
			productRefGroup = 70390EE12BE8C48200D4601E /* Products */;
			projectDirPath = "";
			projectRoot = "";
			targets = (
				70390EDF2BE8C48200D4601E /* CoreMLTesting */,
			);
		};
/* End PBXProject section */

/* Begin PBXResourcesBuildPhase section */
		70390EDE2BE8C48200D4601E /* Resources */ = {
			isa = PBXResourcesBuildPhase;
			buildActionMask = 2147483647;
			files = (
				707D077C2BF495070044742E /* yolov8n_transposed.onnx in Resources */,
				70CD51332BEA50C3008AC881 /* yolov8n.onnx in Resources */,
				70390EF02BE8C48500D4601E /* LaunchScreen.storyboard in Resources */,
				70390EED2BE8C48500D4601E /* Assets.xcassets in Resources */,
				70390EEB2BE8C48200D4601E /* Main.storyboard in Resources */,
			);
			runOnlyForDeploymentPostprocessing = 0;
		};
/* End PBXResourcesBuildPhase section */

/* Begin PBXShellScriptBuildPhase section */
		30753AC565375D1319DC5936 /* [CP] Check Pods Manifest.lock */ = {
			isa = PBXShellScriptBuildPhase;
			buildActionMask = 2147483647;
			files = (
			);
			inputFileListPaths = (
			);
			inputPaths = (
				"${PODS_PODFILE_DIR_PATH}/Podfile.lock",
				"${PODS_ROOT}/Manifest.lock",
			);
			name = "[CP] Check Pods Manifest.lock";
			outputFileListPaths = (
			);
			outputPaths = (
				"$(DERIVED_FILE_DIR)/Pods-CoreMLTesting-checkManifestLockResult.txt",
			);
			runOnlyForDeploymentPostprocessing = 0;
			shellPath = /bin/sh;
			shellScript = "diff \"${PODS_PODFILE_DIR_PATH}/Podfile.lock\" \"${PODS_ROOT}/Manifest.lock\" > /dev/null\nif [ $? != 0 ] ; then\n    # print error to STDERR\n    echo \"error: The sandbox is not in sync with the Podfile.lock. Run 'pod install' or update your CocoaPods installation.\" >&2\n    exit 1\nfi\n# This output is used by Xcode 'outputs' to avoid re-running this script phase.\necho \"SUCCESS\" > \"${SCRIPT_OUTPUT_FILE_0}\"\n";
			showEnvVarsInLog = 0;
		};
/* End PBXShellScriptBuildPhase section */

/* Begin PBXSourcesBuildPhase section */
		70390EDC2BE8C48200D4601E /* Sources */ = {
			isa = PBXSourcesBuildPhase;
			buildActionMask = 2147483647;
			files = (
				70390EE82BE8C48200D4601E /* ViewController.swift in Sources */,
				70CD51312BEA4A66008AC881 /* yolov8n.mlpackage in Sources */,
				70390F0C2BE922DA00D4601E /* Detection.swift in Sources */,
				70390EE42BE8C48200D4601E /* AppDelegate.swift in Sources */,
				707D077A2BF48D700044742E /* NonMaxSuppression.swift in Sources */,
				70390EE62BE8C48200D4601E /* SceneDelegate.swift in Sources */,
				70CD51352BEA5437008AC881 /* ONNXViewController.swift in Sources */,
				707D077E2BF49F810044742E /* UIImage+CVPixelBuffer.swift in Sources */,
				70CD51422BEE7C63008AC881 /* ONNXModelController.swift in Sources */,
				70390EFA2BE8ED5000D4601E /* CoreMLViewController.swift in Sources */,
				70CD51382BEA54D3008AC881 /* CGRect+flippedVertically.swift in Sources */,
				70CD513C2BEE1896008AC881 /* CoreMLRTMPoseViewController.swift in Sources */,
			);
			runOnlyForDeploymentPostprocessing = 0;
		};
/* End PBXSourcesBuildPhase section */

/* Begin PBXVariantGroup section */
		70390EE92BE8C48200D4601E /* Main.storyboard */ = {
			isa = PBXVariantGroup;
			children = (
				70390EEA2BE8C48200D4601E /* Base */,
			);
			name = Main.storyboard;
			sourceTree = "<group>";
		};
		70390EEE2BE8C48500D4601E /* LaunchScreen.storyboard */ = {
			isa = PBXVariantGroup;
			children = (
				70390EEF2BE8C48500D4601E /* Base */,
			);
			name = LaunchScreen.storyboard;
			sourceTree = "<group>";
		};
/* End PBXVariantGroup section */

/* Begin XCBuildConfiguration section */
		70390EF22BE8C48500D4601E /* Debug */ = {
			isa = XCBuildConfiguration;
			buildSettings = {
				ALWAYS_SEARCH_USER_PATHS = NO;
				ASSETCATALOG_COMPILER_GENERATE_SWIFT_ASSET_SYMBOL_EXTENSIONS = YES;
				CLANG_ANALYZER_NONNULL = YES;
				CLANG_ANALYZER_NUMBER_OBJECT_CONVERSION = YES_AGGRESSIVE;
				CLANG_CXX_LANGUAGE_STANDARD = "gnu++20";
				CLANG_ENABLE_MODULES = YES;
				CLANG_ENABLE_OBJC_ARC = YES;
				CLANG_ENABLE_OBJC_WEAK = YES;
				CLANG_WARN_BLOCK_CAPTURE_AUTORELEASING = YES;
				CLANG_WARN_BOOL_CONVERSION = YES;
				CLANG_WARN_COMMA = YES;
				CLANG_WARN_CONSTANT_CONVERSION = YES;
				CLANG_WARN_DEPRECATED_OBJC_IMPLEMENTATIONS = YES;
				CLANG_WARN_DIRECT_OBJC_ISA_USAGE = YES_ERROR;
				CLANG_WARN_DOCUMENTATION_COMMENTS = YES;
				CLANG_WARN_EMPTY_BODY = YES;
				CLANG_WARN_ENUM_CONVERSION = YES;
				CLANG_WARN_INFINITE_RECURSION = YES;
				CLANG_WARN_INT_CONVERSION = YES;
				CLANG_WARN_NON_LITERAL_NULL_CONVERSION = YES;
				CLANG_WARN_OBJC_IMPLICIT_RETAIN_SELF = YES;
				CLANG_WARN_OBJC_LITERAL_CONVERSION = YES;
				CLANG_WARN_OBJC_ROOT_CLASS = YES_ERROR;
				CLANG_WARN_QUOTED_INCLUDE_IN_FRAMEWORK_HEADER = YES;
				CLANG_WARN_RANGE_LOOP_ANALYSIS = YES;
				CLANG_WARN_STRICT_PROTOTYPES = YES;
				CLANG_WARN_SUSPICIOUS_MOVE = YES;
				CLANG_WARN_UNGUARDED_AVAILABILITY = YES_AGGRESSIVE;
				CLANG_WARN_UNREACHABLE_CODE = YES;
				CLANG_WARN__DUPLICATE_METHOD_MATCH = YES;
				COPY_PHASE_STRIP = NO;
				DEBUG_INFORMATION_FORMAT = dwarf;
				ENABLE_STRICT_OBJC_MSGSEND = YES;
				ENABLE_TESTABILITY = YES;
				ENABLE_USER_SCRIPT_SANDBOXING = YES;
				GCC_C_LANGUAGE_STANDARD = gnu17;
				GCC_DYNAMIC_NO_PIC = NO;
				GCC_NO_COMMON_BLOCKS = YES;
				GCC_OPTIMIZATION_LEVEL = 0;
				GCC_PREPROCESSOR_DEFINITIONS = (
					"DEBUG=1",
					"$(inherited)",
				);
				GCC_WARN_64_TO_32_BIT_CONVERSION = YES;
				GCC_WARN_ABOUT_RETURN_TYPE = YES_ERROR;
				GCC_WARN_UNDECLARED_SELECTOR = YES;
				GCC_WARN_UNINITIALIZED_AUTOS = YES_AGGRESSIVE;
				GCC_WARN_UNUSED_FUNCTION = YES;
				GCC_WARN_UNUSED_VARIABLE = YES;
				IPHONEOS_DEPLOYMENT_TARGET = 17.2;
				LOCALIZATION_PREFERS_STRING_CATALOGS = YES;
				MTL_ENABLE_DEBUG_INFO = INCLUDE_SOURCE;
				MTL_FAST_MATH = YES;
				ONLY_ACTIVE_ARCH = YES;
				SDKROOT = iphoneos;
				SWIFT_ACTIVE_COMPILATION_CONDITIONS = "DEBUG $(inherited)";
				SWIFT_OPTIMIZATION_LEVEL = "-Onone";
			};
			name = Debug;
		};
		70390EF32BE8C48500D4601E /* Release */ = {
			isa = XCBuildConfiguration;
			buildSettings = {
				ALWAYS_SEARCH_USER_PATHS = NO;
				ASSETCATALOG_COMPILER_GENERATE_SWIFT_ASSET_SYMBOL_EXTENSIONS = YES;
				CLANG_ANALYZER_NONNULL = YES;
				CLANG_ANALYZER_NUMBER_OBJECT_CONVERSION = YES_AGGRESSIVE;
				CLANG_CXX_LANGUAGE_STANDARD = "gnu++20";
				CLANG_ENABLE_MODULES = YES;
				CLANG_ENABLE_OBJC_ARC = YES;
				CLANG_ENABLE_OBJC_WEAK = YES;
				CLANG_WARN_BLOCK_CAPTURE_AUTORELEASING = YES;
				CLANG_WARN_BOOL_CONVERSION = YES;
				CLANG_WARN_COMMA = YES;
				CLANG_WARN_CONSTANT_CONVERSION = YES;
				CLANG_WARN_DEPRECATED_OBJC_IMPLEMENTATIONS = YES;
				CLANG_WARN_DIRECT_OBJC_ISA_USAGE = YES_ERROR;
				CLANG_WARN_DOCUMENTATION_COMMENTS = YES;
				CLANG_WARN_EMPTY_BODY = YES;
				CLANG_WARN_ENUM_CONVERSION = YES;
				CLANG_WARN_INFINITE_RECURSION = YES;
				CLANG_WARN_INT_CONVERSION = YES;
				CLANG_WARN_NON_LITERAL_NULL_CONVERSION = YES;
				CLANG_WARN_OBJC_IMPLICIT_RETAIN_SELF = YES;
				CLANG_WARN_OBJC_LITERAL_CONVERSION = YES;
				CLANG_WARN_OBJC_ROOT_CLASS = YES_ERROR;
				CLANG_WARN_QUOTED_INCLUDE_IN_FRAMEWORK_HEADER = YES;
				CLANG_WARN_RANGE_LOOP_ANALYSIS = YES;
				CLANG_WARN_STRICT_PROTOTYPES = YES;
				CLANG_WARN_SUSPICIOUS_MOVE = YES;
				CLANG_WARN_UNGUARDED_AVAILABILITY = YES_AGGRESSIVE;
				CLANG_WARN_UNREACHABLE_CODE = YES;
				CLANG_WARN__DUPLICATE_METHOD_MATCH = YES;
				COPY_PHASE_STRIP = NO;
				DEBUG_INFORMATION_FORMAT = "dwarf-with-dsym";
				ENABLE_NS_ASSERTIONS = NO;
				ENABLE_STRICT_OBJC_MSGSEND = YES;
				ENABLE_USER_SCRIPT_SANDBOXING = YES;
				GCC_C_LANGUAGE_STANDARD = gnu17;
				GCC_NO_COMMON_BLOCKS = YES;
				GCC_WARN_64_TO_32_BIT_CONVERSION = YES;
				GCC_WARN_ABOUT_RETURN_TYPE = YES_ERROR;
				GCC_WARN_UNDECLARED_SELECTOR = YES;
				GCC_WARN_UNINITIALIZED_AUTOS = YES_AGGRESSIVE;
				GCC_WARN_UNUSED_FUNCTION = YES;
				GCC_WARN_UNUSED_VARIABLE = YES;
				IPHONEOS_DEPLOYMENT_TARGET = 17.2;
				LOCALIZATION_PREFERS_STRING_CATALOGS = YES;
				MTL_ENABLE_DEBUG_INFO = NO;
				MTL_FAST_MATH = YES;
				SDKROOT = iphoneos;
				SWIFT_COMPILATION_MODE = wholemodule;
				VALIDATE_PRODUCT = YES;
			};
			name = Release;
		};
		70390EF52BE8C48500D4601E /* Debug */ = {
			isa = XCBuildConfiguration;
			baseConfigurationReference = 6599EBBDA9242F68CF701B82 /* Pods-CoreMLTesting.debug.xcconfig */;
			buildSettings = {
				ASSETCATALOG_COMPILER_APPICON_NAME = AppIcon;
				ASSETCATALOG_COMPILER_GLOBAL_ACCENT_COLOR_NAME = AccentColor;
				CODE_SIGN_STYLE = Automatic;
				CURRENT_PROJECT_VERSION = 1;
				DEVELOPMENT_TEAM = M34LKZYYXA;
				GENERATE_INFOPLIST_FILE = YES;
				INFOPLIST_FILE = CoreMLTesting/Info.plist;
				INFOPLIST_KEY_UIApplicationSupportsIndirectInputEvents = YES;
				INFOPLIST_KEY_UILaunchStoryboardName = LaunchScreen;
				INFOPLIST_KEY_UIMainStoryboardFile = Main;
				INFOPLIST_KEY_UISupportedInterfaceOrientations_iPad = "UIInterfaceOrientationPortrait UIInterfaceOrientationPortraitUpsideDown UIInterfaceOrientationLandscapeLeft UIInterfaceOrientationLandscapeRight";
				INFOPLIST_KEY_UISupportedInterfaceOrientations_iPhone = "UIInterfaceOrientationPortrait UIInterfaceOrientationLandscapeLeft UIInterfaceOrientationLandscapeRight";
				LD_RUNPATH_SEARCH_PATHS = (
					"$(inherited)",
					"@executable_path/Frameworks",
				);
				MARKETING_VERSION = 1.0;
				PRODUCT_BUNDLE_IDENTIFIER = mz.CoreMLTesting;
				PRODUCT_NAME = "$(TARGET_NAME)";
				SWIFT_EMIT_LOC_STRINGS = YES;
				SWIFT_VERSION = 5.0;
				TARGETED_DEVICE_FAMILY = "1,2";
			};
			name = Debug;
		};
		70390EF62BE8C48500D4601E /* Release */ = {
			isa = XCBuildConfiguration;
			baseConfigurationReference = 8AB5FF3417A91D02BD83C2E9 /* Pods-CoreMLTesting.release.xcconfig */;
			buildSettings = {
				ASSETCATALOG_COMPILER_APPICON_NAME = AppIcon;
				ASSETCATALOG_COMPILER_GLOBAL_ACCENT_COLOR_NAME = AccentColor;
				CODE_SIGN_STYLE = Automatic;
				CURRENT_PROJECT_VERSION = 1;
				DEVELOPMENT_TEAM = M34LKZYYXA;
				GENERATE_INFOPLIST_FILE = YES;
				INFOPLIST_FILE = CoreMLTesting/Info.plist;
				INFOPLIST_KEY_UIApplicationSupportsIndirectInputEvents = YES;
				INFOPLIST_KEY_UILaunchStoryboardName = LaunchScreen;
				INFOPLIST_KEY_UIMainStoryboardFile = Main;
				INFOPLIST_KEY_UISupportedInterfaceOrientations_iPad = "UIInterfaceOrientationPortrait UIInterfaceOrientationPortraitUpsideDown UIInterfaceOrientationLandscapeLeft UIInterfaceOrientationLandscapeRight";
				INFOPLIST_KEY_UISupportedInterfaceOrientations_iPhone = "UIInterfaceOrientationPortrait UIInterfaceOrientationLandscapeLeft UIInterfaceOrientationLandscapeRight";
				LD_RUNPATH_SEARCH_PATHS = (
					"$(inherited)",
					"@executable_path/Frameworks",
				);
				MARKETING_VERSION = 1.0;
				PRODUCT_BUNDLE_IDENTIFIER = mz.CoreMLTesting;
				PRODUCT_NAME = "$(TARGET_NAME)";
				SWIFT_EMIT_LOC_STRINGS = YES;
				SWIFT_VERSION = 5.0;
				TARGETED_DEVICE_FAMILY = "1,2";
			};
			name = Release;
		};
/* End XCBuildConfiguration section */

/* Begin XCConfigurationList section */
		70390EDB2BE8C48200D4601E /* Build configuration list for PBXProject "CoreMLTesting" */ = {
			isa = XCConfigurationList;
			buildConfigurations = (
				70390EF22BE8C48500D4601E /* Debug */,
				70390EF32BE8C48500D4601E /* Release */,
			);
			defaultConfigurationIsVisible = 0;
			defaultConfigurationName = Release;
		};
		70390EF42BE8C48500D4601E /* Build configuration list for PBXNativeTarget "CoreMLTesting" */ = {
			isa = XCConfigurationList;
			buildConfigurations = (
				70390EF52BE8C48500D4601E /* Debug */,
				70390EF62BE8C48500D4601E /* Release */,
			);
			defaultConfigurationIsVisible = 0;
			defaultConfigurationName = Release;
		};
/* End XCConfigurationList section */
	};
	rootObject = 70390ED82BE8C48200D4601E /* Project object */;
}
